Microsoft Visual Studio Solution File, Format Version 12.00
# Visual Studio Version 17
VisualStudioVersion = 17.5.2.0
MinimumVisualStudioVersion = 10.0.40219.1
Project("{FAE04EC0-301F-11D3-BF4B-00C04F79EFBC}") = "RateLimitRaceLab", "RateLimitRaceLab.csproj", "{05FBD9D3-A53F-7AFE-24ED-C92D25BF2DA6}"
EndProject
Global
	GlobalSection(SolutionConfigurationPlatforms) = preSolution
		Debug|Any CPU = Debug|Any CPU
		Release|Any CPU = Release|Any CPU
	EndGlobalSection
	GlobalSection(ProjectConfigurationPlatforms) = postSolution
		{05FBD9D3-A53F-7AFE-24ED-C92D25BF2DA6}.Debug|Any CPU.ActiveCfg = Debug|Any CPU
		{05FBD9D3-A53F-7AFE-24ED-C92D25BF2DA6}.Debug|Any CPU.Build.0 = Debug|Any CPU
		{05FBD9D3-A53F-7AFE-24ED-C92D25BF2DA6}.Release|Any CPU.ActiveCfg = Release|Any CPU
		{05FBD9D3-A53F-7AFE-24ED-C92D25BF2DA6}.Release|Any CPU.Build.0 = Release|Any CPU
	EndGlobalSection
	GlobalSection(SolutionProperties) = preSolution
		HideSolutionNode = FALSE
	EndGlobalSection
	GlobalSection(ExtensibilityGlobals) = postSolution
		SolutionGuid = {0B402834-0C44-4D39-A81E-61377B8065EA}
	EndGlobalSection
EndGlobal
