
Microsoft Visual Studio Solution File, Format Version 12.00
# Visual Studio Version 17
VisualStudioVersion = 17.0.31903.59
MinimumVisualStudioVersion = 10.0.40219.1
Project("{2150E333-8FDC-42A3-9474-1A3956D46DE8}") = "src", "src", "{3833C14E-F011-4D17-A835-AABD00497E22}"
EndProject
Project("{FAE04EC0-301F-11D3-BF4B-00C04F79EFBC}") = "Recipes.Api", "src\Recipes.Api\Recipes.Api.csproj", "{880CC79E-D204-4600-94AD-124C42BBDB51}"
EndProject
Project("{FAE04EC0-301F-11D3-BF4B-00C04F79EFBC}") = "Recipes.Bff", "src\Recipes.Bff\Recipes.Bff.csproj", "{C39A49CD-5167-430C-9385-92C937466013}"
EndProject
Global
	GlobalSection(SolutionConfigurationPlatforms) = preSolution
		Debug|Any CPU = Debug|Any CPU
		Release|Any CPU = Release|Any CPU
	EndGlobalSection
	GlobalSection(SolutionProperties) = preSolution
		HideSolutionNode = FALSE
	EndGlobalSection
	GlobalSection(ProjectConfigurationPlatforms) = postSolution
		{880CC79E-D204-4600-94AD-124C42BBDB51}.Debug|Any CPU.ActiveCfg = Debug|Any CPU
		{880CC79E-D204-4600-94AD-124C42BBDB51}.Debug|Any CPU.Build.0 = Debug|Any CPU
		{880CC79E-D204-4600-94AD-124C42BBDB51}.Release|Any CPU.ActiveCfg = Release|Any CPU
		{880CC79E-D204-4600-94AD-124C42BBDB51}.Release|Any CPU.Build.0 = Release|Any CPU
		{C39A49CD-5167-430C-9385-92C937466013}.Debug|Any CPU.ActiveCfg = Debug|Any CPU
		{C39A49CD-5167-430C-9385-92C937466013}.Debug|Any CPU.Build.0 = Debug|Any CPU
		{C39A49CD-5167-430C-9385-92C937466013}.Release|Any CPU.ActiveCfg = Release|Any CPU
		{C39A49CD-5167-430C-9385-92C937466013}.Release|Any CPU.Build.0 = Release|Any CPU
	EndGlobalSection
	GlobalSection(NestedProjects) = preSolution
		{880CC79E-D204-4600-94AD-124C42BBDB51} = {3833C14E-F011-4D17-A835-AABD00497E22}
		{C39A49CD-5167-430C-9385-92C937466013} = {3833C14E-F011-4D17-A835-AABD00497E22}
	EndGlobalSection
EndGlobal
